// !$*UTF8*$!
{
	archiveVersion = 1;
	classes = {
	};
	objectVersion = 46;
	objects = {

/* Begin PBXBuildFile section */
		4D05A7BE1DB43B2B0028818B /* ResultsViewController.swift in Sources */ = {isa = PBXBuildFile; fileRef = 4D05A7BD1DB43B2B0028818B /* ResultsViewController.swift */; };
		4DAA65401DA0D4B2004D20F2 /* AppDelegate.swift in Sources */ = {isa = PBXBuildFile; fileRef = 4DAA653F1DA0D4B2004D20F2 /* AppDelegate.swift */; };
		4DAA65451DA0D4B2004D20F2 /* Main.storyboard in Resources */ = {isa = PBXBuildFile; fileRef = 4DAA65431DA0D4B2004D20F2 /* Main.storyboard */; };
		4DAA65471DA0D4B2004D20F2 /* Assets.xcassets in Resources */ = {isa = PBXBuildFile; fileRef = 4DAA65461DA0D4B2004D20F2 /* Assets.xcassets */; };
		4DAA654A1DA0D4B2004D20F2 /* LaunchScreen.storyboard in Resources */ = {isa = PBXBuildFile; fileRef = 4DAA65481DA0D4B2004D20F2 /* LaunchScreen.storyboard */; };
		4DAA65531DA0D4EC004D20F2 /* Results.storyboard in Resources */ = {isa = PBXBuildFile; fileRef = 4DAA65521DA0D4EC004D20F2 /* Results.storyboard */; };
		4DD8EEF61DC6E4AE00D2B511 /* NewProfileViewController.swift in Sources */ = {isa = PBXBuildFile; fileRef = 4DD8EEF51DC6E4AE00D2B511 /* NewProfileViewController.swift */; };
		4DED74881DC6E1F100BAE83F /* ProfileSelectionViewController.swift in Sources */ = {isa = PBXBuildFile; fileRef = 4DED74871DC6E1F100BAE83F /* ProfileSelectionViewController.swift */; };
/* End PBXBuildFile section */

/* Begin PBXFileReference section */
		4D05A7BD1DB43B2B0028818B /* ResultsViewController.swift */ = {isa = PBXFileReference; fileEncoding = 4; lastKnownFileType = sourcecode.swift; name = ResultsViewController.swift; path = ../../../Mark/Development/UltrasoundClassification/Ultrasound/ResultsViewController.swift; sourceTree = "<group>"; };
		4DAA653C1DA0D4B2004D20F2 /* Ultrasound.app */ = {isa = PBXFileReference; explicitFileType = wrapper.application; includeInIndex = 0; path = Ultrasound.app; sourceTree = BUILT_PRODUCTS_DIR; };
		4DAA653F1DA0D4B2004D20F2 /* AppDelegate.swift */ = {isa = PBXFileReference; lastKnownFileType = sourcecode.swift; path = AppDelegate.swift; sourceTree = "<group>"; };
		4DAA65441DA0D4B2004D20F2 /* Base */ = {isa = PBXFileReference; lastKnownFileType = file.storyboard; name = Base; path = Base.lproj/Main.storyboard; sourceTree = "<group>"; };
		4DAA65461DA0D4B2004D20F2 /* Assets.xcassets */ = {isa = PBXFileReference; lastKnownFileType = folder.assetcatalog; path = Assets.xcassets; sourceTree = "<group>"; };
		4DAA65491DA0D4B2004D20F2 /* Base */ = {isa = PBXFileReference; lastKnownFileType = file.storyboard; name = Base; path = Base.lproj/LaunchScreen.storyboard; sourceTree = "<group>"; };
		4DAA654B1DA0D4B2004D20F2 /* Info.plist */ = {isa = PBXFileReference; lastKnownFileType = text.plist.xml; path = Info.plist; sourceTree = "<group>"; };
		4DAA65521DA0D4EC004D20F2 /* Results.storyboard */ = {isa = PBXFileReference; fileEncoding = 4; lastKnownFileType = file.storyboard; path = Results.storyboard; sourceTree = "<group>"; };
		4DD8EEF51DC6E4AE00D2B511 /* NewProfileViewController.swift */ = {isa = PBXFileReference; fileEncoding = 4; lastKnownFileType = sourcecode.swift; name = NewProfileViewController.swift; path = ../../../../Mark/Development/UltrasoundClassification/Ultrasound/NewProfileViewController.swift; sourceTree = "<group>"; };
		4DED74871DC6E1F100BAE83F /* ProfileSelectionViewController.swift */ = {isa = PBXFileReference; fileEncoding = 4; lastKnownFileType = sourcecode.swift; name = ProfileSelectionViewController.swift; path = ../../../../Mark/Development/UltrasoundClassification/Ultrasound/ProfileSelectionViewController.swift; sourceTree = "<group>"; };
/* End PBXFileReference section */

/* Begin PBXFrameworksBuildPhase section */
		4DAA65391DA0D4B2004D20F2 /* Frameworks */ = {
			isa = PBXFrameworksBuildPhase;
			buildActionMask = 2147483647;
			files = (
			);
			runOnlyForDeploymentPostprocessing = 0;
		};
/* End PBXFrameworksBuildPhase section */

/* Begin PBXGroup section */
		4DAA65331DA0D4B2004D20F2 = {
			isa = PBXGroup;
			children = (
				4D05A7BD1DB43B2B0028818B /* ResultsViewController.swift */,
				4DAA653E1DA0D4B2004D20F2 /* Ultrasound */,
				4DAA653D1DA0D4B2004D20F2 /* Products */,
			);
			sourceTree = "<group>";
		};
		4DAA653D1DA0D4B2004D20F2 /* Products */ = {
			isa = PBXGroup;
			children = (
				4DAA653C1DA0D4B2004D20F2 /* Ultrasound.app */,
			);
			name = Products;
			sourceTree = "<group>";
		};
		4DAA653E1DA0D4B2004D20F2 /* Ultrasound */ = {
			isa = PBXGroup;
			children = (
				4DAA65481DA0D4B2004D20F2 /* LaunchScreen.storyboard */,
				4DAA65431DA0D4B2004D20F2 /* Main.storyboard */,
				4DD8EEF51DC6E4AE00D2B511 /* NewProfileViewController.swift */,
				4DED74871DC6E1F100BAE83F /* ProfileSelectionViewController.swift */,
				4DAA65521DA0D4EC004D20F2 /* Results.storyboard */,
				4DAA65511DA0D4BF004D20F2 /* Supporting Files */,
			);
			path = Ultrasound;
			sourceTree = "<group>";
		};
		4DAA65511DA0D4BF004D20F2 /* Supporting Files */ = {
			isa = PBXGroup;
			children = (
				4DAA653F1DA0D4B2004D20F2 /* AppDelegate.swift */,
				4DAA65461DA0D4B2004D20F2 /* Assets.xcassets */,
				4DAA654B1DA0D4B2004D20F2 /* Info.plist */,
			);
			name = "Supporting Files";
			sourceTree = "<group>";
		};
/* End PBXGroup section */

/* Begin PBXNativeTarget section */
		4DAA653B1DA0D4B2004D20F2 /* Ultrasound */ = {
			isa = PBXNativeTarget;
			buildConfigurationList = 4DAA654E1DA0D4B2004D20F2 /* Build configuration list for PBXNativeTarget "Ultrasound" */;
			buildPhases = (
				4DAA65381DA0D4B2004D20F2 /* Sources */,
				4DAA65391DA0D4B2004D20F2 /* Frameworks */,
				4DAA653A1DA0D4B2004D20F2 /* Resources */,
			);
			buildRules = (
			);
			dependencies = (
			);
			name = Ultrasound;
			productName = Ultrasound;
			productReference = 4DAA653C1DA0D4B2004D20F2 /* Ultrasound.app */;
			productType = "com.apple.product-type.application";
		};
/* End PBXNativeTarget section */

/* Begin PBXProject section */
		4DAA65341DA0D4B2004D20F2 /* Project object */ = {
			isa = PBXProject;
			attributes = {
				LastSwiftUpdateCheck = 0800;
				LastUpgradeCheck = 0800;
				ORGANIZATIONNAME = "Duke University";
				TargetAttributes = {
					4DAA653B1DA0D4B2004D20F2 = {
						CreatedOnToolsVersion = 8.0;
						ProvisioningStyle = Automatic;
					};
				};
			};
			buildConfigurationList = 4DAA65371DA0D4B2004D20F2 /* Build configuration list for PBXProject "Ultrasound" */;
			compatibilityVersion = "Xcode 3.2";
			developmentRegion = English;
			hasScannedForEncodings = 0;
			knownRegions = (
				en,
				Base,
			);
			mainGroup = 4DAA65331DA0D4B2004D20F2;
			productRefGroup = 4DAA653D1DA0D4B2004D20F2 /* Products */;
			projectDirPath = "";
			projectRoot = "";
			targets = (
				4DAA653B1DA0D4B2004D20F2 /* Ultrasound */,
			);
		};
/* End PBXProject section */

/* Begin PBXResourcesBuildPhase section */
		4DAA653A1DA0D4B2004D20F2 /* Resources */ = {
			isa = PBXResourcesBuildPhase;
			buildActionMask = 2147483647;
			files = (
				4DAA654A1DA0D4B2004D20F2 /* LaunchScreen.storyboard in Resources */,
				4DAA65471DA0D4B2004D20F2 /* Assets.xcassets in Resources */,
				4DAA65451DA0D4B2004D20F2 /* Main.storyboard in Resources */,
				4DAA65531DA0D4EC004D20F2 /* Results.storyboard in Resources */,
			);
			runOnlyForDeploymentPostprocessing = 0;
		};
/* End PBXResourcesBuildPhase section */

/* Begin PBXSourcesBuildPhase section */
		4DAA65381DA0D4B2004D20F2 /* Sources */ = {
			isa = PBXSourcesBuildPhase;
			buildActionMask = 2147483647;
			files = (
				4DED74881DC6E1F100BAE83F /* ProfileSelectionViewController.swift in Sources */,
				4DAA65401DA0D4B2004D20F2 /* AppDelegate.swift in Sources */,
				4D05A7BE1DB43B2B0028818B /* ResultsViewController.swift in Sources */,
				4DD8EEF61DC6E4AE00D2B511 /* NewProfileViewController.swift in Sources */,
			);
			runOnlyForDeploymentPostprocessing = 0;
		};
/* End PBXSourcesBuildPhase section */

/* Begin PBXVariantGroup section */
		4DAA65431DA0D4B2004D20F2 /* Main.storyboard */ = {
			isa = PBXVariantGroup;
			children = (
				4DAA65441DA0D4B2004D20F2 /* Base */,
			);
			name = Main.storyboard;
			sourceTree = "<group>";
		};
		4DAA65481DA0D4B2004D20F2 /* LaunchScreen.storyboard */ = {
			isa = PBXVariantGroup;
			children = (
				4DAA65491DA0D4B2004D20F2 /* Base */,
			);
			name = LaunchScreen.storyboard;
			sourceTree = "<group>";
		};
/* End PBXVariantGroup section */

/* Begin XCBuildConfiguration section */
		4DAA654C1DA0D4B2004D20F2 /* Debug */ = {
			isa = XCBuildConfiguration;
			buildSettings = {
				ALWAYS_SEARCH_USER_PATHS = NO;
				CLANG_ANALYZER_NONNULL = YES;
				CLANG_CXX_LANGUAGE_STANDARD = "gnu++0x";
				CLANG_CXX_LIBRARY = "libc++";
				CLANG_ENABLE_MODULES = YES;
				CLANG_ENABLE_OBJC_ARC = YES;
				CLANG_WARN_BOOL_CONVERSION = YES;
				CLANG_WARN_CONSTANT_CONVERSION = YES;
				CLANG_WARN_DIRECT_OBJC_ISA_USAGE = YES_ERROR;
				CLANG_WARN_DOCUMENTATION_COMMENTS = YES;
				CLANG_WARN_EMPTY_BODY = YES;
				CLANG_WARN_ENUM_CONVERSION = YES;
				CLANG_WARN_INFINITE_RECURSION = YES;
				CLANG_WARN_INT_CONVERSION = YES;
				CLANG_WARN_OBJC_ROOT_CLASS = YES_ERROR;
				CLANG_WARN_SUSPICIOUS_MOVES = YES;
				CLANG_WARN_UNREACHABLE_CODE = YES;
				CLANG_WARN__DUPLICATE_METHOD_MATCH = YES;
				"CODE_SIGN_IDENTITY[sdk=iphoneos*]" = "iPhone Developer";
				COPY_PHASE_STRIP = NO;
				DEBUG_INFORMATION_FORMAT = dwarf;
				ENABLE_STRICT_OBJC_MSGSEND = YES;
				ENABLE_TESTABILITY = YES;
				GCC_C_LANGUAGE_STANDARD = gnu99;
				GCC_DYNAMIC_NO_PIC = NO;
				GCC_NO_COMMON_BLOCKS = YES;
				GCC_OPTIMIZATION_LEVEL = 0;
				GCC_PREPROCESSOR_DEFINITIONS = (
					"DEBUG=1",
					"$(inherited)",
				);
				GCC_WARN_64_TO_32_BIT_CONVERSION = YES;
				GCC_WARN_ABOUT_RETURN_TYPE = YES_ERROR;
				GCC_WARN_UNDECLARED_SELECTOR = YES;
				GCC_WARN_UNINITIALIZED_AUTOS = YES_AGGRESSIVE;
				GCC_WARN_UNUSED_FUNCTION = YES;
				GCC_WARN_UNUSED_VARIABLE = YES;
				IPHONEOS_DEPLOYMENT_TARGET = 10.0;
				MTL_ENABLE_DEBUG_INFO = YES;
				ONLY_ACTIVE_ARCH = YES;
				SDKROOT = iphoneos;
				SWIFT_ACTIVE_COMPILATION_CONDITIONS = DEBUG;
				SWIFT_OPTIMIZATION_LEVEL = "-Onone";
				TARGETED_DEVICE_FAMILY = "1,2";
			};
			name = Debug;
		};
		4DAA654D1DA0D4B2004D20F2 /* Release */ = {
			isa = XCBuildConfiguration;
			buildSettings = {
				ALWAYS_SEARCH_USER_PATHS = NO;
				CLANG_ANALYZER_NONNULL = YES;
				CLANG_CXX_LANGUAGE_STANDARD = "gnu++0x";
				CLANG_CXX_LIBRARY = "libc++";
				CLANG_ENABLE_MODULES = YES;
				CLANG_ENABLE_OBJC_ARC = YES;
				CLANG_WARN_BOOL_CONVERSION = YES;
				CLANG_WARN_CONSTANT_CONVERSION = YES;
				CLANG_WARN_DIRECT_OBJC_ISA_USAGE = YES_ERROR;
				CLANG_WARN_DOCUMENTATION_COMMENTS = YES;
				CLANG_WARN_EMPTY_BODY = YES;
				CLANG_WARN_ENUM_CONVERSION = YES;
				CLANG_WARN_INFINITE_RECURSION = YES;
				CLANG_WARN_INT_CONVERSION = YES;
				CLANG_WARN_OBJC_ROOT_CLASS = YES_ERROR;
				CLANG_WARN_SUSPICIOUS_MOVES = YES;
				CLANG_WARN_UNREACHABLE_CODE = YES;
				CLANG_WARN__DUPLICATE_METHOD_MATCH = YES;
				"CODE_SIGN_IDENTITY[sdk=iphoneos*]" = "iPhone Developer";
				COPY_PHASE_STRIP = NO;
				DEBUG_INFORMATION_FORMAT = "dwarf-with-dsym";
				ENABLE_NS_ASSERTIONS = NO;
				ENABLE_STRICT_OBJC_MSGSEND = YES;
				GCC_C_LANGUAGE_STANDARD = gnu99;
				GCC_NO_COMMON_BLOCKS = YES;
				GCC_WARN_64_TO_32_BIT_CONVERSION = YES;
				GCC_WARN_ABOUT_RETURN_TYPE = YES_ERROR;
				GCC_WARN_UNDECLARED_SELECTOR = YES;
				GCC_WARN_UNINITIALIZED_AUTOS = YES_AGGRESSIVE;
				GCC_WARN_UNUSED_FUNCTION = YES;
				GCC_WARN_UNUSED_VARIABLE = YES;
				IPHONEOS_DEPLOYMENT_TARGET = 10.0;
				MTL_ENABLE_DEBUG_INFO = NO;
				SDKROOT = iphoneos;
				SWIFT_OPTIMIZATION_LEVEL = "-Owholemodule";
				TARGETED_DEVICE_FAMILY = "1,2";
				VALIDATE_PRODUCT = YES;
			};
			name = Release;
		};
		4DAA654F1DA0D4B2004D20F2 /* Debug */ = {
			isa = XCBuildConfiguration;
			buildSettings = {
				ASSETCATALOG_COMPILER_APPICON_NAME = AppIcon;
				INFOPLIST_FILE = Ultrasound/Info.plist;
				LD_RUNPATH_SEARCH_PATHS = "$(inherited) @executable_path/Frameworks";
				PRODUCT_BUNDLE_IDENTIFIER = edu.duke.mjc61.Ultrasound;
				PRODUCT_NAME = "$(TARGET_NAME)";
				SWIFT_VERSION = 3.0;
			};
			name = Debug;
		};
		4DAA65501DA0D4B2004D20F2 /* Release */ = {
			isa = XCBuildConfiguration;
			buildSettings = {
				ASSETCATALOG_COMPILER_APPICON_NAME = AppIcon;
				INFOPLIST_FILE = Ultrasound/Info.plist;
				LD_RUNPATH_SEARCH_PATHS = "$(inherited) @executable_path/Frameworks";
				PRODUCT_BUNDLE_IDENTIFIER = edu.duke.mjc61.Ultrasound;
				PRODUCT_NAME = "$(TARGET_NAME)";
				SWIFT_VERSION = 3.0;
			};
			name = Release;
		};
/* End XCBuildConfiguration section */

/* Begin XCConfigurationList section */
		4DAA65371DA0D4B2004D20F2 /* Build configuration list for PBXProject "Ultrasound" */ = {
			isa = XCConfigurationList;
			buildConfigurations = (
				4DAA654C1DA0D4B2004D20F2 /* Debug */,
				4DAA654D1DA0D4B2004D20F2 /* Release */,
			);
			defaultConfigurationIsVisible = 0;
			defaultConfigurationName = Release;
		};
		4DAA654E1DA0D4B2004D20F2 /* Build configuration list for PBXNativeTarget "Ultrasound" */ = {
			isa = XCConfigurationList;
			buildConfigurations = (
				4DAA654F1DA0D4B2004D20F2 /* Debug */,
				4DAA65501DA0D4B2004D20F2 /* Release */,
			);
			defaultConfigurationIsVisible = 0;
			defaultConfigurationName = Release;
		};
/* End XCConfigurationList section */
	};
	rootObject = 4DAA65341DA0D4B2004D20F2 /* Project object */;
}
